
Microsoft Visual Studio Solution File, Format Version 12.00
# Visual Studio Version 16
VisualStudioVersion = 16.0.30011.22
MinimumVisualStudioVersion = 10.0.40219.1
Project("{2150E333-8FDC-42A3-9474-1A3956D46DE8}") = "protobuf-net.grpc", "protobuf-net.grpc", "{AA3BD330-9844-452A-80D2-2CDE2D8E5FAB}"
EndProject
Project("{9A19103F-16F7-4668-BE54-9A1E7A4F7556}") = "GrpcClient", "GrpcClient\GrpcClient.csproj", "{ABF291E8-9CE9-47B2-9728-6CDD90EA6585}"
EndProject
Project("{9A19103F-16F7-4668-BE54-9A1E7A4F7556}") = "Learn.Data", "Learn.Data\Learn.Data.csproj", "{5658CEF7-F33B-44C1-859A-822ECFB2A1C5}"
EndProject
Project("{9A19103F-16F7-4668-BE54-9A1E7A4F7556}") = "Learn.Interface", "Learn.Interface\Learn.Interface.csproj", "{84750DD8-73B2-4B2F-8DE8-472753AED5D4}"
EndProject
Project("{9A19103F-16F7-4668-BE54-9A1E7A4F7556}") = "GrpcServerWeb", "GrpcServerWeb\GrpcServerWeb.csproj", "{35566445-1F4B-4167-8CEE-F6F783090FB8}"
EndProject
Project("{2150E333-8FDC-42A3-9474-1A3956D46DE8}") = "normalgrpc", "normalgrpc", "{898F10D6-C58C-44A7-A08A-F7C460CFA9D3}"
EndProject
Project("{2150E333-8FDC-42A3-9474-1A3956D46DE8}") = "认证与授权", "认证与授权", "{99090B6B-9ACD-480B-8A62-97E246082134}"
EndProject
Project("{9A19103F-16F7-4668-BE54-9A1E7A4F7556}") = "ApiServer", "ApiServer\ApiServer.csproj", "{C4B49618-14CB-4261-81F6-4946CBDD52F1}"
EndProject
Project("{9A19103F-16F7-4668-BE54-9A1E7A4F7556}") = "ApiClient", "ApiClient\ApiClient.csproj", "{097C8975-6F2D-4C18-853D-FECA21782852}"
EndProject
Project("{FAE04EC0-301F-11D3-BF4B-00C04F79EFBC}") = "IdentityServerWeb", "IdentityServerWeb\IdentityServerWeb.csproj", "{3B42715D-9524-4A8E-AA35-C7C41FF2448D}"
EndProject
Project("{FAE04EC0-301F-11D3-BF4B-00C04F79EFBC}") = "WebClient", "WebClient\WebClient.csproj", "{E2F613ED-B935-43C5-B62A-24210D5E7536}"
EndProject
Global
	GlobalSection(SolutionConfigurationPlatforms) = preSolution
		Debug|Any CPU = Debug|Any CPU
		Release|Any CPU = Release|Any CPU
	EndGlobalSection
	GlobalSection(ProjectConfigurationPlatforms) = postSolution
		{ABF291E8-9CE9-47B2-9728-6CDD90EA6585}.Debug|Any CPU.ActiveCfg = Debug|Any CPU
		{ABF291E8-9CE9-47B2-9728-6CDD90EA6585}.Debug|Any CPU.Build.0 = Debug|Any CPU
		{ABF291E8-9CE9-47B2-9728-6CDD90EA6585}.Release|Any CPU.ActiveCfg = Release|Any CPU
		{ABF291E8-9CE9-47B2-9728-6CDD90EA6585}.Release|Any CPU.Build.0 = Release|Any CPU
		{5658CEF7-F33B-44C1-859A-822ECFB2A1C5}.Debug|Any CPU.ActiveCfg = Debug|Any CPU
		{5658CEF7-F33B-44C1-859A-822ECFB2A1C5}.Debug|Any CPU.Build.0 = Debug|Any CPU
		{5658CEF7-F33B-44C1-859A-822ECFB2A1C5}.Release|Any CPU.ActiveCfg = Release|Any CPU
		{5658CEF7-F33B-44C1-859A-822ECFB2A1C5}.Release|Any CPU.Build.0 = Release|Any CPU
		{84750DD8-73B2-4B2F-8DE8-472753AED5D4}.Debug|Any CPU.ActiveCfg = Debug|Any CPU
		{84750DD8-73B2-4B2F-8DE8-472753AED5D4}.Debug|Any CPU.Build.0 = Debug|Any CPU
		{84750DD8-73B2-4B2F-8DE8-472753AED5D4}.Release|Any CPU.ActiveCfg = Release|Any CPU
		{84750DD8-73B2-4B2F-8DE8-472753AED5D4}.Release|Any CPU.Build.0 = Release|Any CPU
		{35566445-1F4B-4167-8CEE-F6F783090FB8}.Debug|Any CPU.ActiveCfg = Debug|Any CPU
		{35566445-1F4B-4167-8CEE-F6F783090FB8}.Debug|Any CPU.Build.0 = Debug|Any CPU
		{35566445-1F4B-4167-8CEE-F6F783090FB8}.Release|Any CPU.ActiveCfg = Release|Any CPU
		{35566445-1F4B-4167-8CEE-F6F783090FB8}.Release|Any CPU.Build.0 = Release|Any CPU
		{C4B49618-14CB-4261-81F6-4946CBDD52F1}.Debug|Any CPU.ActiveCfg = Debug|Any CPU
		{C4B49618-14CB-4261-81F6-4946CBDD52F1}.Debug|Any CPU.Build.0 = Debug|Any CPU
		{C4B49618-14CB-4261-81F6-4946CBDD52F1}.Release|Any CPU.ActiveCfg = Release|Any CPU
		{C4B49618-14CB-4261-81F6-4946CBDD52F1}.Release|Any CPU.Build.0 = Release|Any CPU
		{097C8975-6F2D-4C18-853D-FECA21782852}.Debug|Any CPU.ActiveCfg = Debug|Any CPU
		{097C8975-6F2D-4C18-853D-FECA21782852}.Debug|Any CPU.Build.0 = Debug|Any CPU
		{097C8975-6F2D-4C18-853D-FECA21782852}.Release|Any CPU.ActiveCfg = Release|Any CPU
		{097C8975-6F2D-4C18-853D-FECA21782852}.Release|Any CPU.Build.0 = Release|Any CPU
		{3B42715D-9524-4A8E-AA35-C7C41FF2448D}.Debug|Any CPU.ActiveCfg = Debug|Any CPU
		{3B42715D-9524-4A8E-AA35-C7C41FF2448D}.Debug|Any CPU.Build.0 = Debug|Any CPU
		{3B42715D-9524-4A8E-AA35-C7C41FF2448D}.Release|Any CPU.ActiveCfg = Release|Any CPU
		{3B42715D-9524-4A8E-AA35-C7C41FF2448D}.Release|Any CPU.Build.0 = Release|Any CPU
		{E2F613ED-B935-43C5-B62A-24210D5E7536}.Debug|Any CPU.ActiveCfg = Debug|Any CPU
		{E2F613ED-B935-43C5-B62A-24210D5E7536}.Debug|Any CPU.Build.0 = Debug|Any CPU
		{E2F613ED-B935-43C5-B62A-24210D5E7536}.Release|Any CPU.ActiveCfg = Release|Any CPU
		{E2F613ED-B935-43C5-B62A-24210D5E7536}.Release|Any CPU.Build.0 = Release|Any CPU
	EndGlobalSection
	GlobalSection(SolutionProperties) = preSolution
		HideSolutionNode = FALSE
	EndGlobalSection
	GlobalSection(NestedProjects) = preSolution
		{ABF291E8-9CE9-47B2-9728-6CDD90EA6585} = {AA3BD330-9844-452A-80D2-2CDE2D8E5FAB}
		{5658CEF7-F33B-44C1-859A-822ECFB2A1C5} = {AA3BD330-9844-452A-80D2-2CDE2D8E5FAB}
		{84750DD8-73B2-4B2F-8DE8-472753AED5D4} = {AA3BD330-9844-452A-80D2-2CDE2D8E5FAB}
		{35566445-1F4B-4167-8CEE-F6F783090FB8} = {AA3BD330-9844-452A-80D2-2CDE2D8E5FAB}
		{C4B49618-14CB-4261-81F6-4946CBDD52F1} = {99090B6B-9ACD-480B-8A62-97E246082134}
		{097C8975-6F2D-4C18-853D-FECA21782852} = {99090B6B-9ACD-480B-8A62-97E246082134}
		{3B42715D-9524-4A8E-AA35-C7C41FF2448D} = {99090B6B-9ACD-480B-8A62-97E246082134}
		{E2F613ED-B935-43C5-B62A-24210D5E7536} = {99090B6B-9ACD-480B-8A62-97E246082134}
	EndGlobalSection
	GlobalSection(ExtensibilityGlobals) = postSolution
		SolutionGuid = {8C5FE5C8-BAAF-4CD9-8177-260094873E39}
	EndGlobalSection
EndGlobal
